%{"cowboy": {:hex, :cowboy, "1.0.4"},
  "cowlib": {:hex, :cowlib, "1.0.2"},
  "phoenix": {:hex, :phoenix, "1.1.1"},
  "phoenix_html": {:hex, :phoenix_html, "2.3.0"},
  "plug": {:hex, :plug, "1.0.3"},
  "poison": {:hex, :poison, "1.5.0"},
  "ranch": {:hex, :ranch, "1.2.0"},
  "slim_fast": {:hex, :slim_fast, "0.6.0"},
  "slime": {:hex, :slime, "0.12.2"}}
